# THIS IS AN AUTOGENERATED FILE. DO NOT EDIT THIS FILE DIRECTLY.
# yarn lockfile v1


"@egjs/hammerjs@^2.0.0":
  version "2.0.17"
  resolved "https://registry.yarnpkg.com/@egjs/hammerjs/-/hammerjs-2.0.17.tgz#5dc02af75a6a06e4c2db0202cae38c9263895124"
  integrity sha512-XQsZgjm2EcVUiZQf11UBJQfmZeEmOW8DpI1gsFeln6w0ae0ii4dMQEQ0kjl6DspdWX1aGY1/loyXnP0JS06e/A==
  dependencies:
    "@types/hammerjs" "^2.0.36"

"@types/hammerjs@^2.0.36":
  version "2.0.36"
  resolved "https://registry.yarnpkg.com/@types/hammerjs/-/hammerjs-2.0.36.tgz#17ce0a235e9ffbcdcdf5095646b374c2bf615a4c"
  integrity sha512-7TUK/k2/QGpEAv/BCwSHlYu3NXZhQ9ZwBYpzr9tjlPIL2C5BeGhH3DmVavRx3ZNyELX5TLC91JTz/cen6AAtIQ==

moment@^2.24.0:
  version "2.24.0"
  resolved "https://registry.yarnpkg.com/moment/-/moment-2.24.0.tgz#0d055d53f5052aa653c9f6eb68bb5d12bf5c2b5b"
  integrity sha512-bV7f+6l2QigeBBZSM/6yTNq4P2fNpSWj/0e7jQcy87A8e7o2nAfP/34/2ky5Vw4B9S446EtIhodAzkFCcR4dQg==

vis-data@^6.5.0:
  version "6.5.0"
  resolved "https://registry.yarnpkg.com/vis-data/-/vis-data-6.5.0.tgz#169ab48d3e44bc1d1a3a6a234191dfc4cef890f9"
  integrity sha512-9hw/JEI5/NXpK37z2fv0NkSH71cqeR6Tx+QX5rsVXkF/P1tQ9mXMYCkztVQS8Ha6gZDsiolgZzsLf+Blki0ycw==

vis-network@^7.4.0:
  version "7.4.0"
  resolved "https://registry.yarnpkg.com/vis-network/-/vis-network-7.4.0.tgz#312298d7cd26d3146a2800317de5d6daae0b1f8c"
  integrity sha512-4vJH4D8HTLGPePX4h+CcWUnrgZhfiI2VrkHETnPXegKZZE06O4UJrydxooJuo0gh/hakDNo/2FtOZls/ewi+5A==

vis-util@^4.0.0:
  version "4.0.0"
  resolved "https://registry.yarnpkg.com/vis-util/-/vis-util-4.0.0.tgz#a9900cffb0bbcef3ce88d5834f82b03808101e10"
  integrity sha512-HLInh9yhJe3AH8I9tgWna304jYABa47Y9kO4M0QKtgSLnVgz7xK0952HFCeGMBJWMXr9XXWporoz/XqND15ukQ==
