# THIS IS AN AUTOGENERATED FILE. DO NOT EDIT THIS FILE DIRECTLY.
# yarn lockfile v1


"@egjs/hammerjs@^2.0.17":
  version "2.0.17"
  resolved "https://registry.yarnpkg.com/@egjs/hammerjs/-/hammerjs-2.0.17.tgz#5dc02af75a6a06e4c2db0202cae38c9263895124"
  integrity sha512-XQsZgjm2EcVUiZQf11UBJQfmZeEmOW8DpI1gsFeln6w0ae0ii4dMQEQ0kjl6DspdWX1aGY1/loyXnP0JS06e/A==
  dependencies:
    "@types/hammerjs" "^2.0.36"

"@types/hammerjs@^2.0.36":
  version "2.0.36"
  resolved "https://registry.yarnpkg.com/@types/hammerjs/-/hammerjs-2.0.36.tgz#17ce0a235e9ffbcdcdf5095646b374c2bf615a4c"
  integrity sha512-7TUK/k2/QGpEAv/BCwSHlYu3NXZhQ9ZwBYpzr9tjlPIL2C5BeGhH3DmVavRx3ZNyELX5TLC91JTz/cen6AAtIQ==

emitter-component@^1.1.1:
  version "1.1.1"
  resolved "https://registry.yarnpkg.com/emitter-component/-/emitter-component-1.1.1.tgz#065e2dbed6959bf470679edabeaf7981d1003ab6"
  integrity sha1-Bl4tvtaVm/RwZ57avq95gdEAOrY=

hammerjs@^2.0.8:
  version "2.0.8"
  resolved "https://registry.yarnpkg.com/hammerjs/-/hammerjs-2.0.8.tgz#04ef77862cff2bb79d30f7692095930222bf60f1"
  integrity sha1-BO93hiz/K7edMPdpIJWTAiK/YPE=

keycharm@^0.3.0:
  version "0.3.1"
  resolved "https://registry.yarnpkg.com/keycharm/-/keycharm-0.3.1.tgz#1de258425454752b95c4d8a6cab9ec83218670de"
  integrity sha512-zn47Ti4FJT9zdF+YBBLWJsfKF/fYQHkrYlBeB5Ez5e2PjW7SoIxr43yehAne2HruulIoid4NKZZxO0dHBygCtQ==

moment@^2.24.0:
  version "2.24.0"
  resolved "https://registry.yarnpkg.com/moment/-/moment-2.24.0.tgz#0d055d53f5052aa653c9f6eb68bb5d12bf5c2b5b"
  integrity sha512-bV7f+6l2QigeBBZSM/6yTNq4P2fNpSWj/0e7jQcy87A8e7o2nAfP/34/2ky5Vw4B9S446EtIhodAzkFCcR4dQg==

propagating-hammerjs@^1.4.7:
  version "1.4.7"
  resolved "https://registry.yarnpkg.com/propagating-hammerjs/-/propagating-hammerjs-1.4.7.tgz#671ab1791a7f88b9dccce8fd8b14a9655950e7d6"
  integrity sha512-oW9Wd+W2Tp5uOz6Fh4mEU7p+FoyU85smLH/mPga83Loh0pHa6AH4ZHGywvwMk3TWP31l7iUsvJyW265p4Ipwrg==
  dependencies:
    hammerjs "^2.0.8"

vis-data@^6.5.0:
  version "6.5.0"
  resolved "https://registry.yarnpkg.com/vis-data/-/vis-data-6.5.0.tgz#169ab48d3e44bc1d1a3a6a234191dfc4cef890f9"
  integrity sha512-9hw/JEI5/NXpK37z2fv0NkSH71cqeR6Tx+QX5rsVXkF/P1tQ9mXMYCkztVQS8Ha6gZDsiolgZzsLf+Blki0ycw==

vis-timeline@^7.2.1:
  version "7.2.1"
  resolved "https://registry.yarnpkg.com/vis-timeline/-/vis-timeline-7.2.1.tgz#c36b0b593d5abc068a08b47d4edb38610b05cc0e"
  integrity sha512-3ic5duUG5GoshfECa4doSayTX3FkhNM+2yQuWnZ7j27gfepq0J+GarC8RWbom8dU0c8XmYmBwVuXZPX8pc4jiQ==
  dependencies:
    "@egjs/hammerjs" "^2.0.17"
    emitter-component "^1.1.1"
    keycharm "^0.3.0"
    propagating-hammerjs "^1.4.7"
    vis-util "^3.0.0"

vis-util@^3.0.0:
  version "3.0.0"
  resolved "https://registry.yarnpkg.com/vis-util/-/vis-util-3.0.0.tgz#9b0da1e86e9beb5fbea17f5af3a49263c48d7c87"
  integrity sha512-1B66y7E1Trc+SBjR8zhEULa4NzmPLitZoYoyw685Xi9CYn5UyJrNIB9TI/MAnwN+UioSQ4ogDQYOtO501CjREg==

vis-util@^4.0.0:
  version "4.0.0"
  resolved "https://registry.yarnpkg.com/vis-util/-/vis-util-4.0.0.tgz#a9900cffb0bbcef3ce88d5834f82b03808101e10"
  integrity sha512-HLInh9yhJe3AH8I9tgWna304jYABa47Y9kO4M0QKtgSLnVgz7xK0952HFCeGMBJWMXr9XXWporoz/XqND15ukQ==
